
Microsoft Visual Studio Solution File, Format Version 12.00
# Visual Studio Version 16
VisualStudioVersion = 16.0.28922.388
MinimumVisualStudioVersion = 10.0.40219.1
Project("{FAE04EC0-301F-11D3-BF4B-00C04F79EFBC}") = "runningAverageKaelanK", "runningAverageKaelanK\runningAverageKaelanK.csproj", "{08A6BCA1-9D16-40A3-A826-930CDC1E55FA}"
EndProject
Global
	GlobalSection(SolutionConfigurationPlatforms) = preSolution
		Debug|Any CPU = Debug|Any CPU
		Release|Any CPU = Release|Any CPU
	EndGlobalSection
	GlobalSection(ProjectConfigurationPlatforms) = postSolution
		{08A6BCA1-9D16-40A3-A826-930CDC1E55FA}.Debug|Any CPU.ActiveCfg = Debug|Any CPU
		{08A6BCA1-9D16-40A3-A826-930CDC1E55FA}.Debug|Any CPU.Build.0 = Debug|Any CPU
		{08A6BCA1-9D16-40A3-A826-930CDC1E55FA}.Release|Any CPU.ActiveCfg = Release|Any CPU
		{08A6BCA1-9D16-40A3-A826-930CDC1E55FA}.Release|Any CPU.Build.0 = Release|Any CPU
	EndGlobalSection
	GlobalSection(SolutionProperties) = preSolution
		HideSolutionNode = FALSE
	EndGlobalSection
	GlobalSection(ExtensibilityGlobals) = postSolution
		SolutionGuid = {85C4BF5C-1F30-46F4-96B9-C1DB7B83A6F8}
	EndGlobalSection
EndGlobal
